
Microsoft Visual Studio Solution File, Format Version 12.00
# Visual Studio Version 17
VisualStudioVersion = 17.6.33723.286
MinimumVisualStudioVersion = 10.0.40219.1
Project("{FAE04EC0-301F-11D3-BF4B-00C04F79EFBC}") = "PangyaAPI.SuperSocket", "PangyaAPI.SuperSocket.csproj", "{DB6A8DB2-C62C-4838-B4FF-E9B1884433B4}"
EndProject
Project("{FAE04EC0-301F-11D3-BF4B-00C04F79EFBC}") = "PangyaAPI.ZIP", "..\..\..\..\source\repos\PangyaAPI\PangyaAPI.ZIP\PangyaAPI.ZIP.csproj", "{71F94C7F-94E8-4AEB-963F-248FD4EE4E92}"
EndProject
Project("{FAE04EC0-301F-11D3-BF4B-00C04F79EFBC}") = "PangyaAPI.Cryptor", "..\..\..\..\source\repos\PangyaAPI\PangyaAPI.Cryptor\PangyaAPI.Cryptor.csproj", "{BCCD991F-699A-4915-B533-074BABCD3DEC}"
EndProject
Project("{FAE04EC0-301F-11D3-BF4B-00C04F79EFBC}") = "ServerConsole", "TestServer\ServerConsole.csproj", "{1735E72C-871D-47E5-945A-097599AB7724}"
EndProject
Project("{FAE04EC0-301F-11D3-BF4B-00C04F79EFBC}") = "PangyaAPI.Utilities", "..\PangyaAPI.Utilities\PangyaAPI.Utilities.csproj", "{1E2BE994-1794-47CE-B66B-65F02D42570C}"
EndProject
Project("{FAE04EC0-301F-11D3-BF4B-00C04F79EFBC}") = "PangyaAPI.Player", "..\PangyaAPI.Player\PangyaAPI.Player.csproj", "{A507F3E5-C9B8-4E57-B360-0F868DC21E22}"
EndProject
Project("{FAE04EC0-301F-11D3-BF4B-00C04F79EFBC}") = "PangyaAPI.IFF", "..\..\..\..\source\repos\Pangya Universal Editor IFF\PangTools\PangyaAPI\PangyaAPI.IFF\PangyaAPI.IFF.csproj", "{FE8119DE-C23F-4D81-934A-DA8926104EB3}"
EndProject
Global
	GlobalSection(SolutionConfigurationPlatforms) = preSolution
		Debug|Any CPU = Debug|Any CPU
		Release|Any CPU = Release|Any CPU
	EndGlobalSection
	GlobalSection(ProjectConfigurationPlatforms) = postSolution
		{DB6A8DB2-C62C-4838-B4FF-E9B1884433B4}.Debug|Any CPU.ActiveCfg = Debug|Any CPU
		{DB6A8DB2-C62C-4838-B4FF-E9B1884433B4}.Debug|Any CPU.Build.0 = Debug|Any CPU
		{DB6A8DB2-C62C-4838-B4FF-E9B1884433B4}.Release|Any CPU.ActiveCfg = Release|Any CPU
		{DB6A8DB2-C62C-4838-B4FF-E9B1884433B4}.Release|Any CPU.Build.0 = Release|Any CPU
		{71F94C7F-94E8-4AEB-963F-248FD4EE4E92}.Debug|Any CPU.ActiveCfg = Debug|Any CPU
		{71F94C7F-94E8-4AEB-963F-248FD4EE4E92}.Debug|Any CPU.Build.0 = Debug|Any CPU
		{71F94C7F-94E8-4AEB-963F-248FD4EE4E92}.Release|Any CPU.ActiveCfg = Release|Any CPU
		{71F94C7F-94E8-4AEB-963F-248FD4EE4E92}.Release|Any CPU.Build.0 = Release|Any CPU
		{BCCD991F-699A-4915-B533-074BABCD3DEC}.Debug|Any CPU.ActiveCfg = Debug|Any CPU
		{BCCD991F-699A-4915-B533-074BABCD3DEC}.Debug|Any CPU.Build.0 = Debug|Any CPU
		{BCCD991F-699A-4915-B533-074BABCD3DEC}.Release|Any CPU.ActiveCfg = Release|Any CPU
		{BCCD991F-699A-4915-B533-074BABCD3DEC}.Release|Any CPU.Build.0 = Release|Any CPU
		{1735E72C-871D-47E5-945A-097599AB7724}.Debug|Any CPU.ActiveCfg = Debug|Any CPU
		{1735E72C-871D-47E5-945A-097599AB7724}.Debug|Any CPU.Build.0 = Debug|Any CPU
		{1735E72C-871D-47E5-945A-097599AB7724}.Release|Any CPU.ActiveCfg = Release|Any CPU
		{1735E72C-871D-47E5-945A-097599AB7724}.Release|Any CPU.Build.0 = Release|Any CPU
		{1E2BE994-1794-47CE-B66B-65F02D42570C}.Debug|Any CPU.ActiveCfg = Debug|Any CPU
		{1E2BE994-1794-47CE-B66B-65F02D42570C}.Debug|Any CPU.Build.0 = Debug|Any CPU
		{1E2BE994-1794-47CE-B66B-65F02D42570C}.Release|Any CPU.ActiveCfg = Release|Any CPU
		{1E2BE994-1794-47CE-B66B-65F02D42570C}.Release|Any CPU.Build.0 = Release|Any CPU
		{A507F3E5-C9B8-4E57-B360-0F868DC21E22}.Debug|Any CPU.ActiveCfg = Debug|Any CPU
		{A507F3E5-C9B8-4E57-B360-0F868DC21E22}.Debug|Any CPU.Build.0 = Debug|Any CPU
		{A507F3E5-C9B8-4E57-B360-0F868DC21E22}.Release|Any CPU.ActiveCfg = Release|Any CPU
		{A507F3E5-C9B8-4E57-B360-0F868DC21E22}.Release|Any CPU.Build.0 = Release|Any CPU
		{FE8119DE-C23F-4D81-934A-DA8926104EB3}.Debug|Any CPU.ActiveCfg = Debug|Any CPU
		{FE8119DE-C23F-4D81-934A-DA8926104EB3}.Debug|Any CPU.Build.0 = Debug|Any CPU
		{FE8119DE-C23F-4D81-934A-DA8926104EB3}.Release|Any CPU.ActiveCfg = Release|Any CPU
		{FE8119DE-C23F-4D81-934A-DA8926104EB3}.Release|Any CPU.Build.0 = Release|Any CPU
	EndGlobalSection
	GlobalSection(SolutionProperties) = preSolution
		HideSolutionNode = FALSE
	EndGlobalSection
	GlobalSection(ExtensibilityGlobals) = postSolution
		SolutionGuid = {DD20BBBB-F806-4EB7-80C2-F188B2DA22FB}
	EndGlobalSection
EndGlobal
